
Microsoft Visual Studio Solution File, Format Version 10.00
# Visual Studio 2008
Project("{FAE04EC0-301F-11D3-BF4B-00C04F79EFBC}") = "ToEditor", "ToEditor\ToEditor.csproj", "{1DF0060F-3CB7-49FA-AC10-40632D7D5865}"
EndProject
Project("{54435603-DBB4-11D2-8724-00A0C9A8B90C}") = "Setup", "Setup\Setup.vdproj", "{4F66AABE-1B30-449D-BCD5-79EFEB19ED84}"
EndProject
Global
	GlobalSection(SolutionConfigurationPlatforms) = preSolution
		Debug|Any CPU = Debug|Any CPU
		Release|Any CPU = Release|Any CPU
	EndGlobalSection
	GlobalSection(ProjectConfigurationPlatforms) = postSolution
		{1DF0060F-3CB7-49FA-AC10-40632D7D5865}.Debug|Any CPU.ActiveCfg = Debug|Any CPU
		{1DF0060F-3CB7-49FA-AC10-40632D7D5865}.Debug|Any CPU.Build.0 = Debug|Any CPU
		{1DF0060F-3CB7-49FA-AC10-40632D7D5865}.Release|Any CPU.ActiveCfg = Release|Any CPU
		{1DF0060F-3CB7-49FA-AC10-40632D7D5865}.Release|Any CPU.Build.0 = Release|Any CPU
		{4F66AABE-1B30-449D-BCD5-79EFEB19ED84}.Debug|Any CPU.ActiveCfg = Debug
		{4F66AABE-1B30-449D-BCD5-79EFEB19ED84}.Release|Any CPU.ActiveCfg = Release
	EndGlobalSection
	GlobalSection(SolutionProperties) = preSolution
		HideSolutionNode = FALSE
	EndGlobalSection
EndGlobal
